
Microsoft Visual Studio Solution File, Format Version 12.00
# Visual Studio Version 16
VisualStudioVersion = 16.0.30709.64
MinimumVisualStudioVersion = 10.0.40219.1
Project("{9A19103F-16F7-4668-BE54-9A1E7A4F7556}") = "WebAssemblyGameTemplate.Server", "WebAssemblyGameTemplate\Server\WebAssemblyGameTemplate.Server.csproj", "{5212E753-D2AB-40B7-B48C-7BE2AED33443}"
EndProject
Project("{9A19103F-16F7-4668-BE54-9A1E7A4F7556}") = "WebAssemblyGameTemplate.Client", "WebAssemblyGameTemplate\Client\WebAssemblyGameTemplate.Client.csproj", "{C0ED2302-FA7E-4A56-9B6A-9C07180FC8AF}"
EndProject
Project("{9A19103F-16F7-4668-BE54-9A1E7A4F7556}") = "WebAssemblyGameTemplate.Shared", "WebAssemblyGameTemplate\Shared\WebAssemblyGameTemplate.Shared.csproj", "{1DA0338A-A298-4AE2-9F17-59180124D9AF}"
EndProject
Project("{2150E333-8FDC-42A3-9474-1A3956D46DE8}") = "Solution Items", "Solution Items", "{8DD2E072-B81C-400A-AF9B-9E6E72E3DF1B}"
	ProjectSection(SolutionItems) = preProject
		README.md = README.md
	EndProjectSection
EndProject
Global
	GlobalSection(SolutionConfigurationPlatforms) = preSolution
		Debug|Any CPU = Debug|Any CPU
		Release|Any CPU = Release|Any CPU
	EndGlobalSection
	GlobalSection(ProjectConfigurationPlatforms) = postSolution
		{5212E753-D2AB-40B7-B48C-7BE2AED33443}.Debug|Any CPU.ActiveCfg = Debug|Any CPU
		{5212E753-D2AB-40B7-B48C-7BE2AED33443}.Debug|Any CPU.Build.0 = Debug|Any CPU
		{5212E753-D2AB-40B7-B48C-7BE2AED33443}.Release|Any CPU.ActiveCfg = Release|Any CPU
		{5212E753-D2AB-40B7-B48C-7BE2AED33443}.Release|Any CPU.Build.0 = Release|Any CPU
		{C0ED2302-FA7E-4A56-9B6A-9C07180FC8AF}.Debug|Any CPU.ActiveCfg = Debug|Any CPU
		{C0ED2302-FA7E-4A56-9B6A-9C07180FC8AF}.Debug|Any CPU.Build.0 = Debug|Any CPU
		{C0ED2302-FA7E-4A56-9B6A-9C07180FC8AF}.Release|Any CPU.ActiveCfg = Release|Any CPU
		{C0ED2302-FA7E-4A56-9B6A-9C07180FC8AF}.Release|Any CPU.Build.0 = Release|Any CPU
		{1DA0338A-A298-4AE2-9F17-59180124D9AF}.Debug|Any CPU.ActiveCfg = Debug|Any CPU
		{1DA0338A-A298-4AE2-9F17-59180124D9AF}.Debug|Any CPU.Build.0 = Debug|Any CPU
		{1DA0338A-A298-4AE2-9F17-59180124D9AF}.Release|Any CPU.ActiveCfg = Release|Any CPU
		{1DA0338A-A298-4AE2-9F17-59180124D9AF}.Release|Any CPU.Build.0 = Release|Any CPU
	EndGlobalSection
	GlobalSection(SolutionProperties) = preSolution
		HideSolutionNode = FALSE
	EndGlobalSection
	GlobalSection(ExtensibilityGlobals) = postSolution
		SolutionGuid = {880D16F8-D65A-4634-98A2-401B2BE9F676}
	EndGlobalSection
EndGlobal
